
Microsoft Visual Studio Solution File, Format Version 12.00
# Visual Studio Version 16
VisualStudioVersion = 16.0.30611.23
MinimumVisualStudioVersion = 10.0.40219.1
Project("{8BC9CEB8-8B4A-11D0-8D11-00A0C91BC942}") = "2doparcialprogra", "2doparcialprogra.vcxproj", "{CAF87627-2F3E-4E88-B146-C5C2476ED000}"
EndProject
Global
	GlobalSection(SolutionConfigurationPlatforms) = preSolution
		Debug|x64 = Debug|x64
		Debug|x86 = Debug|x86
		Release|x64 = Release|x64
		Release|x86 = Release|x86
	EndGlobalSection
	GlobalSection(ProjectConfigurationPlatforms) = postSolution
		{CAF87627-2F3E-4E88-B146-C5C2476ED000}.Debug|x64.ActiveCfg = Debug|x64
		{CAF87627-2F3E-4E88-B146-C5C2476ED000}.Debug|x64.Build.0 = Debug|x64
		{CAF87627-2F3E-4E88-B146-C5C2476ED000}.Debug|x86.ActiveCfg = Debug|Win32
		{CAF87627-2F3E-4E88-B146-C5C2476ED000}.Debug|x86.Build.0 = Debug|Win32
		{CAF87627-2F3E-4E88-B146-C5C2476ED000}.Release|x64.ActiveCfg = Release|x64
		{CAF87627-2F3E-4E88-B146-C5C2476ED000}.Release|x64.Build.0 = Release|x64
		{CAF87627-2F3E-4E88-B146-C5C2476ED000}.Release|x86.ActiveCfg = Release|x64
		{CAF87627-2F3E-4E88-B146-C5C2476ED000}.Release|x86.Build.0 = Release|x64
	EndGlobalSection
	GlobalSection(SolutionProperties) = preSolution
		HideSolutionNode = FALSE
	EndGlobalSection
	GlobalSection(ExtensibilityGlobals) = postSolution
		SolutionGuid = {245B31EB-5412-4FBD-A5E7-A8EA00C5705C}
	EndGlobalSection
EndGlobal
